
Microsoft Visual Studio Solution File, Format Version 12.00
# Visual Studio Version 17
VisualStudioVersion = 17.14.36518.9 d17.14
MinimumVisualStudioVersion = 10.0.40219.1
Project("{FAE04EC0-301F-11D3-BF4B-00C04F79EFBC}") = "StockApp.UI", "StockApp.UI\StockApp.UI.csproj", "{0913D9B4-FADE-455A-8286-562EBE10E5A2}"
EndProject
Project("{2150E333-8FDC-42A3-9474-1A3956D46DE8}") = "src", "src", "{02EA681E-C7D8-13C7-8484-4AC65E1B71E8}"
EndProject
Project("{2150E333-8FDC-42A3-9474-1A3956D46DE8}") = "tests", "tests", "{8AF534C4-94B2-419B-9D5D-44D6343168CC}"
EndProject
Project("{FAE04EC0-301F-11D3-BF4B-00C04F79EFBC}") = "StockApp.Core", "StockApp.Core\StockApp.Core.csproj", "{A770613E-6DDF-492C-BA1C-5EF622117F30}"
EndProject
Project("{FAE04EC0-301F-11D3-BF4B-00C04F79EFBC}") = "StockApp.Infraestructure", "StockApp.Infraestructure\StockApp.Infraestructure.csproj", "{C348E42A-8515-4ECA-8B69-4BD635F73D05}"
EndProject
Project("{FAE04EC0-301F-11D3-BF4B-00C04F79EFBC}") = "StockApp.IntegrationTests", "StockApp.IntegrationTest\StockApp.IntegrationTests.csproj", "{F574C62C-F4EA-429E-B7BA-7EE9AC0D11F2}"
EndProject
Project("{FAE04EC0-301F-11D3-BF4B-00C04F79EFBC}") = "StockApp.ServiceTests", "StockApp.ServiceTests\StockApp.ServiceTests.csproj", "{78B12ACC-DE7A-4635-8CED-4FEDB00A243B}"
EndProject
Project("{FAE04EC0-301F-11D3-BF4B-00C04F79EFBC}") = "StockApp.ControllerTests", "StockApp.ControllerTests\StockApp.ControllerTests.csproj", "{52B7895F-A540-49EF-9999-664272BF167D}"
EndProject
Global
	GlobalSection(SolutionConfigurationPlatforms) = preSolution
		Debug|Any CPU = Debug|Any CPU
		Release|Any CPU = Release|Any CPU
	EndGlobalSection
	GlobalSection(ProjectConfigurationPlatforms) = postSolution
		{0913D9B4-FADE-455A-8286-562EBE10E5A2}.Debug|Any CPU.ActiveCfg = Debug|Any CPU
		{0913D9B4-FADE-455A-8286-562EBE10E5A2}.Debug|Any CPU.Build.0 = Debug|Any CPU
		{0913D9B4-FADE-455A-8286-562EBE10E5A2}.Release|Any CPU.ActiveCfg = Release|Any CPU
		{0913D9B4-FADE-455A-8286-562EBE10E5A2}.Release|Any CPU.Build.0 = Release|Any CPU
		{A770613E-6DDF-492C-BA1C-5EF622117F30}.Debug|Any CPU.ActiveCfg = Debug|Any CPU
		{A770613E-6DDF-492C-BA1C-5EF622117F30}.Debug|Any CPU.Build.0 = Debug|Any CPU
		{A770613E-6DDF-492C-BA1C-5EF622117F30}.Release|Any CPU.ActiveCfg = Release|Any CPU
		{A770613E-6DDF-492C-BA1C-5EF622117F30}.Release|Any CPU.Build.0 = Release|Any CPU
		{C348E42A-8515-4ECA-8B69-4BD635F73D05}.Debug|Any CPU.ActiveCfg = Debug|Any CPU
		{C348E42A-8515-4ECA-8B69-4BD635F73D05}.Debug|Any CPU.Build.0 = Debug|Any CPU
		{C348E42A-8515-4ECA-8B69-4BD635F73D05}.Release|Any CPU.ActiveCfg = Release|Any CPU
		{C348E42A-8515-4ECA-8B69-4BD635F73D05}.Release|Any CPU.Build.0 = Release|Any CPU
		{F574C62C-F4EA-429E-B7BA-7EE9AC0D11F2}.Debug|Any CPU.ActiveCfg = Debug|Any CPU
		{F574C62C-F4EA-429E-B7BA-7EE9AC0D11F2}.Debug|Any CPU.Build.0 = Debug|Any CPU
		{F574C62C-F4EA-429E-B7BA-7EE9AC0D11F2}.Release|Any CPU.ActiveCfg = Release|Any CPU
		{F574C62C-F4EA-429E-B7BA-7EE9AC0D11F2}.Release|Any CPU.Build.0 = Release|Any CPU
		{78B12ACC-DE7A-4635-8CED-4FEDB00A243B}.Debug|Any CPU.ActiveCfg = Debug|Any CPU
		{78B12ACC-DE7A-4635-8CED-4FEDB00A243B}.Debug|Any CPU.Build.0 = Debug|Any CPU
		{78B12ACC-DE7A-4635-8CED-4FEDB00A243B}.Release|Any CPU.ActiveCfg = Release|Any CPU
		{78B12ACC-DE7A-4635-8CED-4FEDB00A243B}.Release|Any CPU.Build.0 = Release|Any CPU
		{52B7895F-A540-49EF-9999-664272BF167D}.Debug|Any CPU.ActiveCfg = Debug|Any CPU
		{52B7895F-A540-49EF-9999-664272BF167D}.Debug|Any CPU.Build.0 = Debug|Any CPU
		{52B7895F-A540-49EF-9999-664272BF167D}.Release|Any CPU.ActiveCfg = Release|Any CPU
		{52B7895F-A540-49EF-9999-664272BF167D}.Release|Any CPU.Build.0 = Release|Any CPU
	EndGlobalSection
	GlobalSection(SolutionProperties) = preSolution
		HideSolutionNode = FALSE
	EndGlobalSection
	GlobalSection(NestedProjects) = preSolution
		{0913D9B4-FADE-455A-8286-562EBE10E5A2} = {02EA681E-C7D8-13C7-8484-4AC65E1B71E8}
		{A770613E-6DDF-492C-BA1C-5EF622117F30} = {02EA681E-C7D8-13C7-8484-4AC65E1B71E8}
		{C348E42A-8515-4ECA-8B69-4BD635F73D05} = {02EA681E-C7D8-13C7-8484-4AC65E1B71E8}
		{F574C62C-F4EA-429E-B7BA-7EE9AC0D11F2} = {8AF534C4-94B2-419B-9D5D-44D6343168CC}
		{78B12ACC-DE7A-4635-8CED-4FEDB00A243B} = {8AF534C4-94B2-419B-9D5D-44D6343168CC}
		{52B7895F-A540-49EF-9999-664272BF167D} = {8AF534C4-94B2-419B-9D5D-44D6343168CC}
	EndGlobalSection
	GlobalSection(ExtensibilityGlobals) = postSolution
		SolutionGuid = {E383D433-EC55-46E7-B9D6-3B1C0286051E}
	EndGlobalSection
EndGlobal
