
Microsoft Visual Studio Solution File, Format Version 12.00
# Visual Studio Version 17
VisualStudioVersion = 17.14.36310.24
MinimumVisualStudioVersion = 10.0.40219.1
Project("{FAE04EC0-301F-11D3-BF4B-00C04F79EFBC}") = "StockApp", "StockApp\StockApp.csproj", "{4697E95D-2025-462F-8795-58D0F7B4A17C}"
EndProject
Project("{FAE04EC0-301F-11D3-BF4B-00C04F79EFBC}") = "StockApp.ServiceContracts", "StockApp.ServiceContracts\StockApp.ServiceContracts.csproj", "{0619DA2F-4DC4-42CE-BE2D-6F6BBFDFDC3D}"
EndProject
Project("{FAE04EC0-301F-11D3-BF4B-00C04F79EFBC}") = "StockApp.Services", "StockApp.Services\StockApp.Services.csproj", "{BEE44D52-2DFD-4808-8068-724CEF06720D}"
EndProject
Project("{FAE04EC0-301F-11D3-BF4B-00C04F79EFBC}") = "StockApp.Models", "StockApp.Models\StockApp.Models.csproj", "{4552E6DF-1AE3-4364-96CF-A17FDC0D3C04}"
EndProject
Project("{FAE04EC0-301F-11D3-BF4B-00C04F79EFBC}") = "StockApp.Test", "StockApp.Test\StockApp.Test.csproj", "{12D5E234-0DFC-4134-A724-08D813E8420A}"
EndProject
Project("{FAE04EC0-301F-11D3-BF4B-00C04F79EFBC}") = "StockApp.Repositories", "StockApp.Repositories\StockApp.Repositories.csproj", "{F4CA3D0A-E761-41F3-BC0F-73B6A911117B}"
EndProject
Project("{FAE04EC0-301F-11D3-BF4B-00C04F79EFBC}") = "StockApp.RepositoryContracts", "StockApp.RepositoryContracts\StockApp.RepositoryContracts.csproj", "{E27AC01A-4D50-4743-BDC0-B4A0B09CAFFA}"
EndProject
Global
	GlobalSection(SolutionConfigurationPlatforms) = preSolution
		Debug|Any CPU = Debug|Any CPU
		Release|Any CPU = Release|Any CPU
	EndGlobalSection
	GlobalSection(ProjectConfigurationPlatforms) = postSolution
		{4697E95D-2025-462F-8795-58D0F7B4A17C}.Debug|Any CPU.ActiveCfg = Debug|Any CPU
		{4697E95D-2025-462F-8795-58D0F7B4A17C}.Debug|Any CPU.Build.0 = Debug|Any CPU
		{4697E95D-2025-462F-8795-58D0F7B4A17C}.Release|Any CPU.ActiveCfg = Release|Any CPU
		{4697E95D-2025-462F-8795-58D0F7B4A17C}.Release|Any CPU.Build.0 = Release|Any CPU
		{0619DA2F-4DC4-42CE-BE2D-6F6BBFDFDC3D}.Debug|Any CPU.ActiveCfg = Debug|Any CPU
		{0619DA2F-4DC4-42CE-BE2D-6F6BBFDFDC3D}.Debug|Any CPU.Build.0 = Debug|Any CPU
		{0619DA2F-4DC4-42CE-BE2D-6F6BBFDFDC3D}.Release|Any CPU.ActiveCfg = Release|Any CPU
		{0619DA2F-4DC4-42CE-BE2D-6F6BBFDFDC3D}.Release|Any CPU.Build.0 = Release|Any CPU
		{BEE44D52-2DFD-4808-8068-724CEF06720D}.Debug|Any CPU.ActiveCfg = Debug|Any CPU
		{BEE44D52-2DFD-4808-8068-724CEF06720D}.Debug|Any CPU.Build.0 = Debug|Any CPU
		{BEE44D52-2DFD-4808-8068-724CEF06720D}.Release|Any CPU.ActiveCfg = Release|Any CPU
		{BEE44D52-2DFD-4808-8068-724CEF06720D}.Release|Any CPU.Build.0 = Release|Any CPU
		{4552E6DF-1AE3-4364-96CF-A17FDC0D3C04}.Debug|Any CPU.ActiveCfg = Debug|Any CPU
		{4552E6DF-1AE3-4364-96CF-A17FDC0D3C04}.Debug|Any CPU.Build.0 = Debug|Any CPU
		{4552E6DF-1AE3-4364-96CF-A17FDC0D3C04}.Release|Any CPU.ActiveCfg = Release|Any CPU
		{4552E6DF-1AE3-4364-96CF-A17FDC0D3C04}.Release|Any CPU.Build.0 = Release|Any CPU
		{12D5E234-0DFC-4134-A724-08D813E8420A}.Debug|Any CPU.ActiveCfg = Debug|Any CPU
		{12D5E234-0DFC-4134-A724-08D813E8420A}.Debug|Any CPU.Build.0 = Debug|Any CPU
		{12D5E234-0DFC-4134-A724-08D813E8420A}.Release|Any CPU.ActiveCfg = Release|Any CPU
		{12D5E234-0DFC-4134-A724-08D813E8420A}.Release|Any CPU.Build.0 = Release|Any CPU
		{F4CA3D0A-E761-41F3-BC0F-73B6A911117B}.Debug|Any CPU.ActiveCfg = Debug|Any CPU
		{F4CA3D0A-E761-41F3-BC0F-73B6A911117B}.Debug|Any CPU.Build.0 = Debug|Any CPU
		{F4CA3D0A-E761-41F3-BC0F-73B6A911117B}.Release|Any CPU.ActiveCfg = Release|Any CPU
		{F4CA3D0A-E761-41F3-BC0F-73B6A911117B}.Release|Any CPU.Build.0 = Release|Any CPU
		{E27AC01A-4D50-4743-BDC0-B4A0B09CAFFA}.Debug|Any CPU.ActiveCfg = Debug|Any CPU
		{E27AC01A-4D50-4743-BDC0-B4A0B09CAFFA}.Debug|Any CPU.Build.0 = Debug|Any CPU
		{E27AC01A-4D50-4743-BDC0-B4A0B09CAFFA}.Release|Any CPU.ActiveCfg = Release|Any CPU
		{E27AC01A-4D50-4743-BDC0-B4A0B09CAFFA}.Release|Any CPU.Build.0 = Release|Any CPU
	EndGlobalSection
	GlobalSection(SolutionProperties) = preSolution
		HideSolutionNode = FALSE
	EndGlobalSection
	GlobalSection(ExtensibilityGlobals) = postSolution
		SolutionGuid = {5C8BFD83-6218-4CBF-9D56-2DA7BB6C8EFA}
	EndGlobalSection
EndGlobal
